{
  "name": "todo",
  "version": "1.0.0",
  "lockfileVersion": 1,
  "requires": true,
  "dependencies": {
    "todomvc-app-css": {
      "version": "2.1.2",
      "resolved": "http://registry.npm.taobao.org/todomvc-app-css/download/todomvc-app-css-2.1.2.tgz",
      "integrity": "sha1-9kTBMIulG5g0Nkl+MPOr6WHKnGI="
    }
  }
}
